{
  "name": "210316-git-exercise",
  "version": "1.0.0",
  "lockfileVersion": 2,
  "requires": true,
  "packages": {
    "": {
      "version": "1.0.0",
      "license": "ISC",
      "dependencies": {
        "@ajar/marker": "^1.2.3"
      }
    },
    "node_modules/@ajar/marker": {
      "version": "1.2.3",
      "resolved": "https://registry.npmjs.org/@ajar/marker/-/marker-1.2.3.tgz",
      "integrity": "sha512-h6mjn5v0EtEh+iGwb9NAUwpiusYg7fcqvbGFER5FPTtif8br0uJohKot9qgtRd/nkmM+V4BvYPG0ej2X6pPQyg=="
    }
  },
  "dependencies": {
    "@ajar/marker": {
      "version": "1.2.3",
      "resolved": "https://registry.npmjs.org/@ajar/marker/-/marker-1.2.3.tgz",
      "integrity": "sha512-h6mjn5v0EtEh+iGwb9NAUwpiusYg7fcqvbGFER5FPTtif8br0uJohKot9qgtRd/nkmM+V4BvYPG0ej2X6pPQyg=="
    }
  }
}
